{
  "name": "bestimob",
  "version": "1.0.0",
  "lockfileVersion": 1,
  "requires": true,
  "dependencies": {
    "bootstrap-select": {
      "version": "1.13.18",
      "resolved": "https://registry.npmjs.org/bootstrap-select/-/bootstrap-select-1.13.18.tgz",
      "integrity": "sha512-V1IzK4rxBq5FrJtkzSH6RmFLFBsjx50byFbfAf8jYyXROWs7ZpprGjdHeoyq2HSsHyjJhMMwjsQhRoYAfxCGow=="
    },
    "bootstrap-tagsinput": {
      "version": "0.7.1",
      "resolved": "https://registry.npmjs.org/bootstrap-tagsinput/-/bootstrap-tagsinput-0.7.1.tgz",
      "integrity": "sha1-/+Owa74qEGlF7ygUVoAFqU8hGTc="
    },
    "easy-autocomplete": {
      "version": "1.3.5",
      "resolved": "https://registry.npmjs.org/easy-autocomplete/-/easy-autocomplete-1.3.5.tgz",
      "integrity": "sha1-Ki0t9pnxPdxIZhyTdblDes8aCpw=",
      "requires": {
        "jquery": "*"
      }
    },
    "jquery": {
      "version": "3.6.0",
      "resolved": "https://registry.npmjs.org/jquery/-/jquery-3.6.0.tgz",
      "integrity": "sha512-JVzAR/AjBvVt2BmYhxRCSYysDsPcssdmTFnzyLEts9qNwmjmu4JTAMYubEfwVOSwpQ1I1sKKFcxhZCI2buerfw=="
    },
    "string-mask": {
      "version": "0.3.0",
      "resolved": "https://registry.npmjs.org/string-mask/-/string-mask-0.3.0.tgz",
      "integrity": "sha1-nnJEuHuy9vlkfirJj5b6GlfCEZg="
    },
    "sweetalert2": {
      "version": "10.16.9",
      "resolved": "https://registry.npmjs.org/sweetalert2/-/sweetalert2-10.16.9.tgz",
      "integrity": "sha512-oNe+md5tmmS3fGfVHa7gVPlun7Td2oANSacnZCeghnrr3OHBi6UPVPU+GFrymwaDqwQspACilLRmRnM7aTjNPA=="
    },
    "v-money": {
      "version": "0.8.1",
      "resolved": "https://registry.npmjs.org/v-money/-/v-money-0.8.1.tgz",
      "integrity": "sha512-raz87AP5F2YEpv1GAocI3SC/y9af1+TQeZQIhAK5UNovho6dnh6RQBa5UG8ZNC+BPLpUh5VECi7EWTjr4+4s1g=="
    },
    "vue": {
      "version": "2.6.14",
      "resolved": "https://registry.npmjs.org/vue/-/vue-2.6.14.tgz",
      "integrity": "sha512-x2284lgYvjOMj3Za7kqzRcUSxBboHqtgRE2zlos1qWaOye5yUmHn42LB1250NJBLRwEcdrB0JRwyPTEPhfQjiQ=="
    },
    "vue-avatar-cropper": {
      "version": "1.0.9",
      "resolved": "https://registry.npmjs.org/vue-avatar-cropper/-/vue-avatar-cropper-1.0.9.tgz",
      "integrity": "sha512-qTHlx+PLtU/iZc9Pu6muP2hGrBbL0CpaBDGsenRvS7qKDsV/WzWQSM8z8CD5XpBWXm7l2toNAYwkhmWepk0YMg=="
    },
    "vue-input-only-number": {
      "version": "1.1.0",
      "resolved": "https://registry.npmjs.org/vue-input-only-number/-/vue-input-only-number-1.1.0.tgz",
      "integrity": "sha512-rtDBxlY0fHwtIbkzVN65W14tdm3LW3oyt7CfkDtJ2tTjicGlu7274MF/jQMk+ze3cSiV9DwLew5NN8a1fML0jQ=="
    },
    "vue-the-mask": {
      "version": "0.11.1",
      "resolved": "https://registry.npmjs.org/vue-the-mask/-/vue-the-mask-0.11.1.tgz",
      "integrity": "sha512-UquSfnSWejD0zAfcD+3jJ1chUAkOAyoxya9Lxh9acCRtrlmGcAIvd0cQYraWqKenbuZJUdum+S174atv2AuEHQ=="
    }
  }
}
